<Solution>
  <Folder Name="/src/">
    <Project Path="src/SparkPoster/SparkPoster.csproj" />
    <Project Path="src/SparkPoster.Extensions.DependencyInjection/SparkPoster.Extensions.DependencyInjection.csproj" />
    <Project Path="src/SparkPoster.AspNetCore/SparkPoster.AspNetCore.csproj" />
  </Folder>
</Solution>
